
Microsoft Visual Studio Solution File, Format Version 12.00
# Visual Studio 14
VisualStudioVersion = 14.0.25123.0
MinimumVisualStudioVersion = 10.0.40219.1
Project("{FAE04EC0-301F-11D3-BF4B-00C04F79EFBC}") = "TddAcademy", "TddAcademy\TddAcademy.csproj", "{BD327263-5D34-455A-92DF-F655122C4FCE}"
EndProject
Project("{FAE04EC0-301F-11D3-BF4B-00C04F79EFBC}") = "TddAcademy.Tests", "TddAcademy.Tests\TddAcademy.Tests.csproj", "{6B0D6F58-33EB-41D7-B2A4-669C55A77269}"
EndProject
Project("{FAE04EC0-301F-11D3-BF4B-00C04F79EFBC}") = "TddAcademy.Spec", "TddAcademy.Spec\TddAcademy.Spec.csproj", "{43BEA3EF-C722-4CDB-B386-C31796E32C52}"
EndProject
Global
	GlobalSection(SolutionConfigurationPlatforms) = preSolution
		Debug|Any CPU = Debug|Any CPU
		Release|Any CPU = Release|Any CPU
	EndGlobalSection
	GlobalSection(ProjectConfigurationPlatforms) = postSolution
		{BD327263-5D34-455A-92DF-F655122C4FCE}.Debug|Any CPU.ActiveCfg = Debug|Any CPU
		{BD327263-5D34-455A-92DF-F655122C4FCE}.Debug|Any CPU.Build.0 = Debug|Any CPU
		{BD327263-5D34-455A-92DF-F655122C4FCE}.Release|Any CPU.ActiveCfg = Release|Any CPU
		{BD327263-5D34-455A-92DF-F655122C4FCE}.Release|Any CPU.Build.0 = Release|Any CPU
		{6B0D6F58-33EB-41D7-B2A4-669C55A77269}.Debug|Any CPU.ActiveCfg = Debug|Any CPU
		{6B0D6F58-33EB-41D7-B2A4-669C55A77269}.Debug|Any CPU.Build.0 = Debug|Any CPU
		{6B0D6F58-33EB-41D7-B2A4-669C55A77269}.Release|Any CPU.ActiveCfg = Release|Any CPU
		{6B0D6F58-33EB-41D7-B2A4-669C55A77269}.Release|Any CPU.Build.0 = Release|Any CPU
		{43BEA3EF-C722-4CDB-B386-C31796E32C52}.Debug|Any CPU.ActiveCfg = Debug|Any CPU
		{43BEA3EF-C722-4CDB-B386-C31796E32C52}.Debug|Any CPU.Build.0 = Debug|Any CPU
		{43BEA3EF-C722-4CDB-B386-C31796E32C52}.Release|Any CPU.ActiveCfg = Release|Any CPU
		{43BEA3EF-C722-4CDB-B386-C31796E32C52}.Release|Any CPU.Build.0 = Release|Any CPU
	EndGlobalSection
	GlobalSection(SolutionProperties) = preSolution
		HideSolutionNode = FALSE
	EndGlobalSection
EndGlobal
